
Microsoft Visual Studio Solution File, Format Version 12.00
# Visual Studio Version 17
VisualStudioVersion = 17.6.33815.320
MinimumVisualStudioVersion = 10.0.40219.1
Project("{9092AA53-FB77-4645-B42D-1CCCA6BD08BD}") = "core", "core.njsproj", "{9869187B-9D6E-497D-88DB-63BB34190AD9}"
EndProject
Global
	GlobalSection(SolutionConfigurationPlatforms) = preSolution
		Debug|Any CPU = Debug|Any CPU
		Release|Any CPU = Release|Any CPU
	EndGlobalSection
	GlobalSection(ProjectConfigurationPlatforms) = postSolution
		{9869187B-9D6E-497D-88DB-63BB34190AD9}.Debug|Any CPU.ActiveCfg = Debug|Any CPU
		{9869187B-9D6E-497D-88DB-63BB34190AD9}.Debug|Any CPU.Build.0 = Debug|Any CPU
		{9869187B-9D6E-497D-88DB-63BB34190AD9}.Release|Any CPU.ActiveCfg = Release|Any CPU
		{9869187B-9D6E-497D-88DB-63BB34190AD9}.Release|Any CPU.Build.0 = Release|Any CPU
	EndGlobalSection
	GlobalSection(SolutionProperties) = preSolution
		HideSolutionNode = FALSE
	EndGlobalSection
	GlobalSection(ExtensibilityGlobals) = postSolution
		SolutionGuid = {035735EB-4BD6-48C9-A0E9-14992B0368B4}
	EndGlobalSection
EndGlobal
